Microsoft Visual Studio Solution File, Format Version 11.00
# Visual Studio 2008

Project("{63971BEE-DF54-CED8-5523-9ED76297C3E4}") = "AdventurerGuildGit", "Assembly-CSharp-vs.csproj", "{C9A4241D-9603-C2E2-E61C-C0190D2E7B3F}"
EndProject
Project("{63971BEE-DF54-CED8-5523-9ED76297C3E4}") = "AdventurerGuildGit", "Assembly-CSharp-Editor-vs.csproj", "{13301362-5DA4-C95C-CDFB-60E2D3C8E9AD}"
EndProject
Global
	GlobalSection(SolutionConfigurationPlatforms) = preSolution
		Debug|Any CPU = Debug|Any CPU
		Release|Any CPU = Release|Any CPU
	EndGlobalSection
	GlobalSection(ProjectConfigurationPlatforms) = postSolution
		{C9A4241D-9603-C2E2-E61C-C0190D2E7B3F}.Debug|Any CPU.ActiveCfg = Debug|Any CPU
		{C9A4241D-9603-C2E2-E61C-C0190D2E7B3F}.Debug|Any CPU.Build.0 = Debug|Any CPU
		{C9A4241D-9603-C2E2-E61C-C0190D2E7B3F}.Release|Any CPU.ActiveCfg = Release|Any CPU
		{C9A4241D-9603-C2E2-E61C-C0190D2E7B3F}.Release|Any CPU.Build.0 = Release|Any CPU
		{13301362-5DA4-C95C-CDFB-60E2D3C8E9AD}.Debug|Any CPU.ActiveCfg = Debug|Any CPU
		{13301362-5DA4-C95C-CDFB-60E2D3C8E9AD}.Debug|Any CPU.Build.0 = Debug|Any CPU
		{13301362-5DA4-C95C-CDFB-60E2D3C8E9AD}.Release|Any CPU.ActiveCfg = Release|Any CPU
		{13301362-5DA4-C95C-CDFB-60E2D3C8E9AD}.Release|Any CPU.Build.0 = Release|Any CPU
	EndGlobalSection
	GlobalSection(SolutionProperties) = preSolution
		HideSolutionNode = FALSE
	EndGlobalSection
									GlobalSection(MonoDevelopProperties) = preSolution
		StartupItem = Assembly-CSharp.csproj
		Policies = $0
		$0.TextStylePolicy = $1
		$1.inheritsSet = null
		$1.scope = text/x-csharp
		$0.CSharpFormattingPolicy = $2
		$2.inheritsSet = Mono
		$2.inheritsScope = text/x-csharp
		$2.scope = text/x-csharp
		$0.TextStylePolicy = $3
		$3.FileWidth = 120
		$3.TabWidth = 4
		$3.IndentWidth = 4
		$3.EolMarker = Unix
		$3.inheritsSet = Mono
		$3.inheritsScope = text/plain
		$3.scope = text/plain
	EndGlobalSection

EndGlobal
